
Microsoft Visual Studio Solution File, Format Version 12.00
# Visual Studio Version 17
VisualStudioVersion = 17.7.34024.191
MinimumVisualStudioVersion = 10.0.40219.1
Project("{FAE04EC0-301F-11D3-BF4B-00C04F79EFBC}") = "WinFormsApp2", "WinFormsApp2\WinFormsApp2.csproj", "{6CD683CC-0571-4970-9A21-A5CF8A925A65}"
EndProject
Project("{F2A71F9B-5D33-465A-A702-920D77279786}") = "ClassLibrary1", "ClassLibrary1\ClassLibrary1.fsproj", "{55042DB2-C0F0-44EB-8F9D-6CAAE671B60A}"
EndProject
Global
	GlobalSection(SolutionConfigurationPlatforms) = preSolution
		Debug|Any CPU = Debug|Any CPU
		Release|Any CPU = Release|Any CPU
	EndGlobalSection
	GlobalSection(ProjectConfigurationPlatforms) = postSolution
		{6CD683CC-0571-4970-9A21-A5CF8A925A65}.Debug|Any CPU.ActiveCfg = Debug|Any CPU
		{6CD683CC-0571-4970-9A21-A5CF8A925A65}.Debug|Any CPU.Build.0 = Debug|Any CPU
		{6CD683CC-0571-4970-9A21-A5CF8A925A65}.Release|Any CPU.ActiveCfg = Release|Any CPU
		{6CD683CC-0571-4970-9A21-A5CF8A925A65}.Release|Any CPU.Build.0 = Release|Any CPU
		{55042DB2-C0F0-44EB-8F9D-6CAAE671B60A}.Debug|Any CPU.ActiveCfg = Debug|Any CPU
		{55042DB2-C0F0-44EB-8F9D-6CAAE671B60A}.Debug|Any CPU.Build.0 = Debug|Any CPU
		{55042DB2-C0F0-44EB-8F9D-6CAAE671B60A}.Release|Any CPU.ActiveCfg = Release|Any CPU
		{55042DB2-C0F0-44EB-8F9D-6CAAE671B60A}.Release|Any CPU.Build.0 = Release|Any CPU
	EndGlobalSection
	GlobalSection(SolutionProperties) = preSolution
		HideSolutionNode = FALSE
	EndGlobalSection
	GlobalSection(ExtensibilityGlobals) = postSolution
		SolutionGuid = {B10F07D2-60B9-4BB3-81F7-0BD448F7E644}
	EndGlobalSection
EndGlobal
