
Microsoft Visual Studio Solution File, Format Version 12.00
Project("{F2A71F9B-5D33-465A-A702-920D77279786}") = "Ejercicio3", "Ejercicio3\Ejercicio3.fsproj", "{6AF31CDD-251B-457E-B6FA-72F9DD05ECB7}"
EndProject
Global
	GlobalSection(SolutionConfigurationPlatforms) = preSolution
		Debug|Any CPU = Debug|Any CPU
		Release|Any CPU = Release|Any CPU
	EndGlobalSection
	GlobalSection(ProjectConfigurationPlatforms) = postSolution
		{6AF31CDD-251B-457E-B6FA-72F9DD05ECB7}.Debug|Any CPU.ActiveCfg = Debug|Any CPU
		{6AF31CDD-251B-457E-B6FA-72F9DD05ECB7}.Debug|Any CPU.Build.0 = Debug|Any CPU
		{6AF31CDD-251B-457E-B6FA-72F9DD05ECB7}.Release|Any CPU.ActiveCfg = Release|Any CPU
		{6AF31CDD-251B-457E-B6FA-72F9DD05ECB7}.Release|Any CPU.Build.0 = Release|Any CPU
	EndGlobalSection
EndGlobal
