
Microsoft Visual Studio Solution File, Format Version 12.00
Project("{F2A71F9B-5D33-465A-A702-920D77279786}") = "Ejercicio2", "Ejercicio2.fsproj", "{BF7F24C0-5974-493A-81FA-09A10857130A}"
EndProject
Global
	GlobalSection(SolutionConfigurationPlatforms) = preSolution
		Debug|Any CPU = Debug|Any CPU
		Release|Any CPU = Release|Any CPU
	EndGlobalSection
	GlobalSection(ProjectConfigurationPlatforms) = postSolution
		{BF7F24C0-5974-493A-81FA-09A10857130A}.Debug|Any CPU.ActiveCfg = Debug|Any CPU
		{BF7F24C0-5974-493A-81FA-09A10857130A}.Debug|Any CPU.Build.0 = Debug|Any CPU
		{BF7F24C0-5974-493A-81FA-09A10857130A}.Release|Any CPU.ActiveCfg = Release|Any CPU
		{BF7F24C0-5974-493A-81FA-09A10857130A}.Release|Any CPU.Build.0 = Release|Any CPU
	EndGlobalSection
EndGlobal
